// !$*UTF8*$!
{
	archiveVersion = 1;
	classes = {
	};
	objectVersion = 46;
	objects = {

/* Begin PBXBuildFile section */
		428615B71845F340005D5A2E /* image_sample.jpg in Resources */ = {isa = PBXBuildFile; fileRef = 428615B61845F340005D5A2E /* image_sample.jpg */; };
		580A56D21A8668D50097909F /* placeholder.png in Resources */ = {isa = PBXBuildFile; fileRef = 580A56D11A8668D40097909F /* placeholder.png */; };
		581E00571A80E9410041F545 /* WineryPickerCell.m in Sources */ = {isa = PBXBuildFile; fileRef = 581E00561A80E9410041F545 /* WineryPickerCell.m */; };
		581E00A31A8252DF0041F545 /* SubregionEntity.m in Sources */ = {isa = PBXBuildFile; fileRef = 581E00A21A8252DF0041F545 /* SubregionEntity.m */; };
		581E00A61A8252E00041F545 /* BaseEntity.m in Sources */ = {isa = PBXBuildFile; fileRef = 581E00A51A8252E00041F545 /* BaseEntity.m */; };
		581E00A91A8252E00041F545 /* RecognizedName.m in Sources */ = {isa = PBXBuildFile; fileRef = 581E00A81A8252E00041F545 /* RecognizedName.m */; };
		581E00AC1A8252E00041F545 /* VineyardEntity.m in Sources */ = {isa = PBXBuildFile; fileRef = 581E00AB1A8252E00041F545 /* VineyardEntity.m */; };
		581E00AF1A8252E00041F545 /* WineEntity.m in Sources */ = {isa = PBXBuildFile; fileRef = 581E00AE1A8252E00041F545 /* WineEntity.m */; };
		581E00B11A8253A10041F545 /* CoreData.framework in Frameworks */ = {isa = PBXBuildFile; fileRef = 581E00B01A8253A10041F545 /* CoreData.framework */; };
		581E00B41A8272A40041F545 /* BaseEntity+Extensions.m in Sources */ = {isa = PBXBuildFile; fileRef = 581E00B31A8272A40041F545 /* BaseEntity+Extensions.m */; };
		582631D11A852AFC002F3B12 /* BatchProcessorController.m in Sources */ = {isa = PBXBuildFile; fileRef = 582631D01A852AFC002F3B12 /* BatchProcessorController.m */; };
		582631D41A852B54002F3B12 /* BatchProcessorCell.m in Sources */ = {isa = PBXBuildFile; fileRef = 582631D31A852B54002F3B12 /* BatchProcessorCell.m */; };
		582631D61A85390D002F3B12 /* BATCHED_IMAGES in Resources */ = {isa = PBXBuildFile; fileRef = 582631D51A85390D002F3B12 /* BATCHED_IMAGES */; };
		58303E2F1A7F8F41005C3017 /* Median5x5Filter.m in Sources */ = {isa = PBXBuildFile; fileRef = 58303E2E1A7F8F41005C3017 /* Median5x5Filter.m */; };
		58465BC81A8F586E00FC7A84 /* NSString+Levenshtein.m in Sources */ = {isa = PBXBuildFile; fileRef = 58465BC51A8F586E00FC7A84 /* NSString+Levenshtein.m */; };
		58465BC91A8F586E00FC7A84 /* OcrParser.m in Sources */ = {isa = PBXBuildFile; fileRef = 58465BC71A8F586E00FC7A84 /* OcrParser.m */; };
		58465BCE1A8F80FF00FC7A84 /* ImagePreprocessor.m in Sources */ = {isa = PBXBuildFile; fileRef = 58465BCB1A8F80FF00FC7A84 /* ImagePreprocessor.m */; };
		58465BCF1A8F80FF00FC7A84 /* InverseAdaptiveThresholdFilter.m in Sources */ = {isa = PBXBuildFile; fileRef = 58465BCD1A8F80FF00FC7A84 /* InverseAdaptiveThresholdFilter.m */; };
		58465BD21A8F816700FC7A84 /* TesseractRecognizer.m in Sources */ = {isa = PBXBuildFile; fileRef = 58465BD11A8F816700FC7A84 /* TesseractRecognizer.m */; };
		58465BDB1A8F993E00FC7A84 /* RecognizableEntity.m in Sources */ = {isa = PBXBuildFile; fileRef = 58465BD41A8F993E00FC7A84 /* RecognizableEntity.m */; };
		58465BDC1A8F993E00FC7A84 /* Subregion.m in Sources */ = {isa = PBXBuildFile; fileRef = 58465BD61A8F993E00FC7A84 /* Subregion.m */; };
		58465BDD1A8F993E00FC7A84 /* Vineyard.m in Sources */ = {isa = PBXBuildFile; fileRef = 58465BD81A8F993E00FC7A84 /* Vineyard.m */; };
		58465BDE1A8F993E00FC7A84 /* Wine.m in Sources */ = {isa = PBXBuildFile; fileRef = 58465BDA1A8F993E00FC7A84 /* Wine.m */; };
		58465BE11A8F998100FC7A84 /* WinesDatabase.m in Sources */ = {isa = PBXBuildFile; fileRef = 58465BE01A8F998100FC7A84 /* WinesDatabase.m */; };
		58465BE61A8F999D00FC7A84 /* DictionariesEntity.m in Sources */ = {isa = PBXBuildFile; fileRef = 58465BE31A8F999D00FC7A84 /* DictionariesEntity.m */; };
		58465BE71A8F999D00FC7A84 /* DictionaryTransformer.m in Sources */ = {isa = PBXBuildFile; fileRef = 58465BE51A8F999D00FC7A84 /* DictionaryTransformer.m */; };
		585580621A974B3C0015E797 /* Model.sqlite in Resources */ = {isa = PBXBuildFile; fileRef = 585580611A974B190015E797 /* Model.sqlite */; };
		585A2C571A7A316A00C463EF /* _TermListByWineryNewWorldOnly.csv in Resources */ = {isa = PBXBuildFile; fileRef = 585A2C561A7A316A00C463EF /* _TermListByWineryNewWorldOnly.csv */; };
		588638D01A73B00800CABC24 /* libGPUImage.a in Frameworks */ = {isa = PBXBuildFile; fileRef = 588638C81A73AD4300CABC24 /* libGPUImage.a */; };
		5889EE741A7032720060CE6E /* 2009bin.jpg in Resources */ = {isa = PBXBuildFile; fileRef = 5889EE731A7032720060CE6E /* 2009bin.jpg */; };
		589585B91A84EB4100739E8D /* BatchProcessor.m in Sources */ = {isa = PBXBuildFile; fileRef = 589585B81A84EB4100739E8D /* BatchProcessor.m */; };
		58B534C71A7B890200176EBA /* WineryPickerController.m in Sources */ = {isa = PBXBuildFile; fileRef = 58B534C61A7B890200176EBA /* WineryPickerController.m */; };
		58B534CE1A7BD76E00176EBA /* TermListByWineryNewWorldOnly.csv in Resources */ = {isa = PBXBuildFile; fileRef = 58B534CD1A7BD76E00176EBA /* TermListByWineryNewWorldOnly.csv */; };
		58E19A281A793F720033AFEC /* TermListByWinery.csv in Resources */ = {isa = PBXBuildFile; fileRef = 58E19A271A793F720033AFEC /* TermListByWinery.csv */; };
		58E19A2C1A7941780033AFEC /* CHCSVParser.m in Sources */ = {isa = PBXBuildFile; fileRef = 58E19A2B1A7941780033AFEC /* CHCSVParser.m */; };
		58E785C31A961623001C8EEF /* ArrayTransformer.m in Sources */ = {isa = PBXBuildFile; fileRef = 58E785C21A961623001C8EEF /* ArrayTransformer.m */; };
		58E785C51A961F0A001C8EEF /* Model.xcdatamodel in Sources */ = {isa = PBXBuildFile; fileRef = 58E785C41A961F0A001C8EEF /* Model.xcdatamodel */; };
		6400DDD9180C5DE000443362 /* Foundation.framework in Frameworks */ = {isa = PBXBuildFile; fileRef = 6400DDD8180C5DE000443362 /* Foundation.framework */; };
		6400DDDB180C5DE000443362 /* CoreGraphics.framework in Frameworks */ = {isa = PBXBuildFile; fileRef = 6400DDDA180C5DE000443362 /* CoreGraphics.framework */; };
		6400DDDD180C5DE000443362 /* UIKit.framework in Frameworks */ = {isa = PBXBuildFile; fileRef = 6400DDDC180C5DE000443362 /* UIKit.framework */; };
		6400DDE3180C5DE000443362 /* InfoPlist.strings in Resources */ = {isa = PBXBuildFile; fileRef = 6400DDE1180C5DE000443362 /* InfoPlist.strings */; };
		6400DDE5180C5DE000443362 /* main.m in Sources */ = {isa = PBXBuildFile; fileRef = 6400DDE4180C5DE000443362 /* main.m */; };
		6400DDE9180C5DE000443362 /* G8AppDelegate.m in Sources */ = {isa = PBXBuildFile; fileRef = 6400DDE8180C5DE000443362 /* G8AppDelegate.m */; };
		6400DDEF180C5DE000443362 /* G8ViewController.m in Sources */ = {isa = PBXBuildFile; fileRef = 6400DDEE180C5DE000443362 /* G8ViewController.m */; };
		6400DDF1180C5DE000443362 /* Images.xcassets in Resources */ = {isa = PBXBuildFile; fileRef = 6400DDF0180C5DE000443362 /* Images.xcassets */; };
		6420626F1846105200EE2AD4 /* TesseractOCR.framework in Frameworks */ = {isa = PBXBuildFile; fileRef = 6420626E1846105200EE2AD4 /* TesseractOCR.framework */; };
		64907490198A5CD500D728CC /* CoreImage.framework in Frameworks */ = {isa = PBXBuildFile; fileRef = 6490748F198A5CD500D728CC /* CoreImage.framework */; };
		64DDA74E188FD7D10025590D /* Main.storyboard in Resources */ = {isa = PBXBuildFile; fileRef = 6400DDEA180C5DE000443362 /* Main.storyboard */; };
		64DDA75B188FD9140025590D /* tessdata in Resources */ = {isa = PBXBuildFile; fileRef = 64DDA75A188FD9140025590D /* tessdata */; };
		64E40AB1180C6D4D00C36DDE /* libstdc++.6.0.9.dylib in Frameworks */ = {isa = PBXBuildFile; fileRef = 64E40AB0180C6D4D00C36DDE /* libstdc++.6.0.9.dylib */; };
		DC52B05F1A59E7E70004E31B /* 2009.jpg in Resources */ = {isa = PBXBuildFile; fileRef = DC52B05E1A59E7E70004E31B /* 2009.jpg */; };
		DC52B0611A59E7FE0004E31B /* 2010.png in Resources */ = {isa = PBXBuildFile; fileRef = DC52B0601A59E7FE0004E31B /* 2010.png */; };
		DC52B0631A59EF8D0004E31B /* CoreVideo.framework in Frameworks */ = {isa = PBXBuildFile; fileRef = DC52B0621A59EF8D0004E31B /* CoreVideo.framework */; };
		DC52B0651A59EFA00004E31B /* AVFoundation.framework in Frameworks */ = {isa = PBXBuildFile; fileRef = DC52B0641A59EFA00004E31B /* AVFoundation.framework */; };
		DC52B0671A59F0CE0004E31B /* QuartzCore.framework in Frameworks */ = {isa = PBXBuildFile; fileRef = DC52B0661A59F0CE0004E31B /* QuartzCore.framework */; };
		DC52B0691A59F0DE0004E31B /* CoreMedia.framework in Frameworks */ = {isa = PBXBuildFile; fileRef = DC52B0681A59F0DE0004E31B /* CoreMedia.framework */; };
		DC52B06B1A5A3CDA0004E31B /* Accelerate.framework in Frameworks */ = {isa = PBXBuildFile; fileRef = DC52B06A1A5A3CDA0004E31B /* Accelerate.framework */; };
/* End PBXBuildFile section */

/* Begin PBXContainerItemProxy section */
		588638C71A73AD4300CABC24 /* PBXContainerItemProxy */ = {
			isa = PBXContainerItemProxy;
			containerPortal = 588638C11A73AD4300CABC24 /* GPUImage.xcodeproj */;
			proxyType = 2;
			remoteGlobalIDString = BCF1A33414DDB1EC00852800;
			remoteInfo = GPUImage;
		};
		588638C91A73AD4300CABC24 /* PBXContainerItemProxy */ = {
			isa = PBXContainerItemProxy;
			containerPortal = 588638C11A73AD4300CABC24 /* GPUImage.xcodeproj */;
			proxyType = 2;
			remoteGlobalIDString = BCE209E51943F20C002FEED8;
			remoteInfo = GPUImageFramework;
		};
		588638CB1A73AD5600CABC24 /* PBXContainerItemProxy */ = {
			isa = PBXContainerItemProxy;
			containerPortal = 588638C11A73AD4300CABC24 /* GPUImage.xcodeproj */;
			proxyType = 1;
			remoteGlobalIDString = BCF1A33314DDB1EC00852800;
			remoteInfo = GPUImage;
		};
		5895859E1A83E25200739E8D /* PBXContainerItemProxy */ = {
			isa = PBXContainerItemProxy;
			containerPortal = 589585971A83E25200739E8D /* Tesseract OCR iOS.xcodeproj */;
			proxyType = 2;
			remoteGlobalIDString = 64A0292C17307C1D002B12E7;
			remoteInfo = TesseractOCR;
		};
		589585A01A83E25900739E8D /* PBXContainerItemProxy */ = {
			isa = PBXContainerItemProxy;
			containerPortal = 589585971A83E25200739E8D /* Tesseract OCR iOS.xcodeproj */;
			proxyType = 1;
			remoteGlobalIDString = 64A0292B17307C1C002B12E7;
			remoteInfo = TesseractOCR;
		};
/* End PBXContainerItemProxy section */

/* Begin PBXFileReference section */
		428615B61845F340005D5A2E /* image_sample.jpg */ = {isa = PBXFileReference; lastKnownFileType = image.jpeg; path = image_sample.jpg; sourceTree = "<group>"; };
		580A56D11A8668D40097909F /* placeholder.png */ = {isa = PBXFileReference; lastKnownFileType = image.png; path = placeholder.png; sourceTree = "<group>"; };
		581E00551A80E9410041F545 /* WineryPickerCell.h */ = {isa = PBXFileReference; fileEncoding = 4; lastKnownFileType = sourcecode.c.h; path = WineryPickerCell.h; sourceTree = "<group>"; };
		581E00561A80E9410041F545 /* WineryPickerCell.m */ = {isa = PBXFileReference; fileEncoding = 4; lastKnownFileType = sourcecode.c.objc; path = WineryPickerCell.m; sourceTree = "<group>"; };
		581E00A11A8252DF0041F545 /* SubregionEntity.h */ = {isa = PBXFileReference; fileEncoding = 4; lastKnownFileType = sourcecode.c.h; path = SubregionEntity.h; sourceTree = "<group>"; };
		581E00A21A8252DF0041F545 /* SubregionEntity.m */ = {isa = PBXFileReference; fileEncoding = 4; lastKnownFileType = sourcecode.c.objc; path = SubregionEntity.m; sourceTree = "<group>"; };
		581E00A41A8252E00041F545 /* BaseEntity.h */ = {isa = PBXFileReference; fileEncoding = 4; lastKnownFileType = sourcecode.c.h; path = BaseEntity.h; sourceTree = "<group>"; };
		581E00A51A8252E00041F545 /* BaseEntity.m */ = {isa = PBXFileReference; fileEncoding = 4; lastKnownFileType = sourcecode.c.objc; path = BaseEntity.m; sourceTree = "<group>"; };
		581E00A71A8252E00041F545 /* RecognizedName.h */ = {isa = PBXFileReference; fileEncoding = 4; lastKnownFileType = sourcecode.c.h; path = RecognizedName.h; sourceTree = "<group>"; };
		581E00A81A8252E00041F545 /* RecognizedName.m */ = {isa = PBXFileReference; fileEncoding = 4; lastKnownFileType = sourcecode.c.objc; path = RecognizedName.m; sourceTree = "<group>"; };
		581E00AA1A8252E00041F545 /* VineyardEntity.h */ = {isa = PBXFileReference; fileEncoding = 4; lastKnownFileType = sourcecode.c.h; path = VineyardEntity.h; sourceTree = "<group>"; };
		581E00AB1A8252E00041F545 /* VineyardEntity.m */ = {isa = PBXFileReference; fileEncoding = 4; lastKnownFileType = sourcecode.c.objc; path = VineyardEntity.m; sourceTree = "<group>"; };
		581E00AD1A8252E00041F545 /* WineEntity.h */ = {isa = PBXFileReference; fileEncoding = 4; lastKnownFileType = sourcecode.c.h; path = WineEntity.h; sourceTree = "<group>"; };
		581E00AE1A8252E00041F545 /* WineEntity.m */ = {isa = PBXFileReference; fileEncoding = 4; lastKnownFileType = sourcecode.c.objc; path = WineEntity.m; sourceTree = "<group>"; };
		581E00B01A8253A10041F545 /* CoreData.framework */ = {isa = PBXFileReference; lastKnownFileType = wrapper.framework; name = CoreData.framework; path = System/Library/Frameworks/CoreData.framework; sourceTree = SDKROOT; };
		581E00B21A8272A40041F545 /* BaseEntity+Extensions.h */ = {isa = PBXFileReference; fileEncoding = 4; lastKnownFileType = sourcecode.c.h; path = "BaseEntity+Extensions.h"; sourceTree = "<group>"; };
		581E00B31A8272A40041F545 /* BaseEntity+Extensions.m */ = {isa = PBXFileReference; fileEncoding = 4; lastKnownFileType = sourcecode.c.objc; path = "BaseEntity+Extensions.m"; sourceTree = "<group>"; };
		582631CF1A852AFC002F3B12 /* BatchProcessorController.h */ = {isa = PBXFileReference; fileEncoding = 4; lastKnownFileType = sourcecode.c.h; path = BatchProcessorController.h; sourceTree = "<group>"; };
		582631D01A852AFC002F3B12 /* BatchProcessorController.m */ = {isa = PBXFileReference; fileEncoding = 4; lastKnownFileType = sourcecode.c.objc; path = BatchProcessorController.m; sourceTree = "<group>"; };
		582631D21A852B54002F3B12 /* BatchProcessorCell.h */ = {isa = PBXFileReference; fileEncoding = 4; lastKnownFileType = sourcecode.c.h; path = BatchProcessorCell.h; sourceTree = "<group>"; };
		582631D31A852B54002F3B12 /* BatchProcessorCell.m */ = {isa = PBXFileReference; fileEncoding = 4; lastKnownFileType = sourcecode.c.objc; path = BatchProcessorCell.m; sourceTree = "<group>"; };
		582631D51A85390D002F3B12 /* BATCHED_IMAGES */ = {isa = PBXFileReference; lastKnownFileType = folder; path = BATCHED_IMAGES; sourceTree = "<group>"; };
		58303E2D1A7F8F41005C3017 /* Median5x5Filter.h */ = {isa = PBXFileReference; fileEncoding = 4; lastKnownFileType = sourcecode.c.h; path = Median5x5Filter.h; sourceTree = "<group>"; };
		58303E2E1A7F8F41005C3017 /* Median5x5Filter.m */ = {isa = PBXFileReference; fileEncoding = 4; lastKnownFileType = sourcecode.c.objc; path = Median5x5Filter.m; sourceTree = "<group>"; };
		58465BC41A8F586E00FC7A84 /* NSString+Levenshtein.h */ = {isa = PBXFileReference; fileEncoding = 4; lastKnownFileType = sourcecode.c.h; name = "NSString+Levenshtein.h"; path = "../../../TipsiiOSApp/tipsi/Tesseract/NSString+Levenshtein.h"; sourceTree = "<group>"; };
		58465BC51A8F586E00FC7A84 /* NSString+Levenshtein.m */ = {isa = PBXFileReference; fileEncoding = 4; lastKnownFileType = sourcecode.c.objc; name = "NSString+Levenshtein.m"; path = "../../../TipsiiOSApp/tipsi/Tesseract/NSString+Levenshtein.m"; sourceTree = "<group>"; };
		58465BC61A8F586E00FC7A84 /* OcrParser.h */ = {isa = PBXFileReference; fileEncoding = 4; lastKnownFileType = sourcecode.c.h; name = OcrParser.h; path = ../../../TipsiiOSApp/tipsi/Tesseract/OcrParser.h; sourceTree = "<group>"; };
		58465BC71A8F586E00FC7A84 /* OcrParser.m */ = {isa = PBXFileReference; fileEncoding = 4; lastKnownFileType = sourcecode.c.objc; name = OcrParser.m; path = ../../../TipsiiOSApp/tipsi/Tesseract/OcrParser.m; sourceTree = "<group>"; };
		58465BCA1A8F80FF00FC7A84 /* ImagePreprocessor.h */ = {isa = PBXFileReference; fileEncoding = 4; lastKnownFileType = sourcecode.c.h; name = ImagePreprocessor.h; path = ../../../TipsiiOSApp/tipsi/Tesseract/ImagePreprocessor.h; sourceTree = "<group>"; };
		58465BCB1A8F80FF00FC7A84 /* ImagePreprocessor.m */ = {isa = PBXFileReference; fileEncoding = 4; lastKnownFileType = sourcecode.c.objc; name = ImagePreprocessor.m; path = ../../../TipsiiOSApp/tipsi/Tesseract/ImagePreprocessor.m; sourceTree = "<group>"; };
		58465BCC1A8F80FF00FC7A84 /* InverseAdaptiveThresholdFilter.h */ = {isa = PBXFileReference; fileEncoding = 4; lastKnownFileType = sourcecode.c.h; name = InverseAdaptiveThresholdFilter.h; path = ../../../TipsiiOSApp/tipsi/Tesseract/InverseAdaptiveThresholdFilter.h; sourceTree = "<group>"; };
		58465BCD1A8F80FF00FC7A84 /* InverseAdaptiveThresholdFilter.m */ = {isa = PBXFileReference; fileEncoding = 4; lastKnownFileType = sourcecode.c.objc; name = InverseAdaptiveThresholdFilter.m; path = ../../../TipsiiOSApp/tipsi/Tesseract/InverseAdaptiveThresholdFilter.m; sourceTree = "<group>"; };
		58465BD01A8F816700FC7A84 /* TesseractRecognizer.h */ = {isa = PBXFileReference; fileEncoding = 4; lastKnownFileType = sourcecode.c.h; name = TesseractRecognizer.h; path = ../../../TipsiiOSApp/tipsi/Tesseract/TesseractRecognizer.h; sourceTree = "<group>"; };
		58465BD11A8F816700FC7A84 /* TesseractRecognizer.m */ = {isa = PBXFileReference; fileEncoding = 4; lastKnownFileType = sourcecode.c.objc; name = TesseractRecognizer.m; path = ../../../TipsiiOSApp/tipsi/Tesseract/TesseractRecognizer.m; sourceTree = "<group>"; };
		58465BD31A8F993E00FC7A84 /* RecognizableEntity.h */ = {isa = PBXFileReference; fileEncoding = 4; lastKnownFileType = sourcecode.c.h; name = RecognizableEntity.h; path = ../../../TipsiiOSApp/tipsi/Tesseract/Model/RecognizableEntity.h; sourceTree = "<group>"; };
		58465BD41A8F993E00FC7A84 /* RecognizableEntity.m */ = {isa = PBXFileReference; fileEncoding = 4; lastKnownFileType = sourcecode.c.objc; name = RecognizableEntity.m; path = ../../../TipsiiOSApp/tipsi/Tesseract/Model/RecognizableEntity.m; sourceTree = "<group>"; };
		58465BD51A8F993E00FC7A84 /* Subregion.h */ = {isa = PBXFileReference; fileEncoding = 4; lastKnownFileType = sourcecode.c.h; name = Subregion.h; path = ../../../TipsiiOSApp/tipsi/Tesseract/Model/Subregion.h; sourceTree = "<group>"; };
		58465BD61A8F993E00FC7A84 /* Subregion.m */ = {isa = PBXFileReference; fileEncoding = 4; lastKnownFileType = sourcecode.c.objc; name = Subregion.m; path = ../../../TipsiiOSApp/tipsi/Tesseract/Model/Subregion.m; sourceTree = "<group>"; };
		58465BD71A8F993E00FC7A84 /* Vineyard.h */ = {isa = PBXFileReference; fileEncoding = 4; lastKnownFileType = sourcecode.c.h; name = Vineyard.h; path = ../../../TipsiiOSApp/tipsi/Tesseract/Model/Vineyard.h; sourceTree = "<group>"; };
		58465BD81A8F993E00FC7A84 /* Vineyard.m */ = {isa = PBXFileReference; fileEncoding = 4; lastKnownFileType = sourcecode.c.objc; name = Vineyard.m; path = ../../../TipsiiOSApp/tipsi/Tesseract/Model/Vineyard.m; sourceTree = "<group>"; };
		58465BD91A8F993E00FC7A84 /* Wine.h */ = {isa = PBXFileReference; fileEncoding = 4; lastKnownFileType = sourcecode.c.h; name = Wine.h; path = ../../../TipsiiOSApp/tipsi/Tesseract/Model/Wine.h; sourceTree = "<group>"; };
		58465BDA1A8F993E00FC7A84 /* Wine.m */ = {isa = PBXFileReference; fileEncoding = 4; lastKnownFileType = sourcecode.c.objc; name = Wine.m; path = ../../../TipsiiOSApp/tipsi/Tesseract/Model/Wine.m; sourceTree = "<group>"; };
		58465BDF1A8F998100FC7A84 /* WinesDatabase.h */ = {isa = PBXFileReference; fileEncoding = 4; lastKnownFileType = sourcecode.c.h; name = WinesDatabase.h; path = ../../../TipsiiOSApp/tipsi/Tesseract/Model/WinesDatabase.h; sourceTree = "<group>"; };
		58465BE01A8F998100FC7A84 /* WinesDatabase.m */ = {isa = PBXFileReference; fileEncoding = 4; lastKnownFileType = sourcecode.c.objc; name = WinesDatabase.m; path = ../../../TipsiiOSApp/tipsi/Tesseract/Model/WinesDatabase.m; sourceTree = "<group>"; };
		58465BE21A8F999D00FC7A84 /* DictionariesEntity.h */ = {isa = PBXFileReference; fileEncoding = 4; lastKnownFileType = sourcecode.c.h; name = DictionariesEntity.h; path = ../../../TipsiiOSApp/tipsi/Tesseract/Model/DictionariesEntity.h; sourceTree = "<group>"; };
		58465BE31A8F999D00FC7A84 /* DictionariesEntity.m */ = {isa = PBXFileReference; fileEncoding = 4; lastKnownFileType = sourcecode.c.objc; name = DictionariesEntity.m; path = ../../../TipsiiOSApp/tipsi/Tesseract/Model/DictionariesEntity.m; sourceTree = "<group>"; };
		58465BE41A8F999D00FC7A84 /* DictionaryTransformer.h */ = {isa = PBXFileReference; fileEncoding = 4; lastKnownFileType = sourcecode.c.h; name = DictionaryTransformer.h; path = ../../../TipsiiOSApp/tipsi/Tesseract/Model/DictionaryTransformer.h; sourceTree = "<group>"; };
		58465BE51A8F999D00FC7A84 /* DictionaryTransformer.m */ = {isa = PBXFileReference; fileEncoding = 4; lastKnownFileType = sourcecode.c.objc; name = DictionaryTransformer.m; path = ../../../TipsiiOSApp/tipsi/Tesseract/Model/DictionaryTransformer.m; sourceTree = "<group>"; };
		585580611A974B190015E797 /* Model.sqlite */ = {isa = PBXFileReference; lastKnownFileType = file; name = Model.sqlite; path = ../../../TipsiiOSApp/tipsi/Model.sqlite; sourceTree = "<group>"; };
		585A2C561A7A316A00C463EF /* _TermListByWineryNewWorldOnly.csv */ = {isa = PBXFileReference; fileEncoding = 4; lastKnownFileType = text; path = _TermListByWineryNewWorldOnly.csv; sourceTree = "<group>"; };
		588638C11A73AD4300CABC24 /* GPUImage.xcodeproj */ = {isa = PBXFileReference; lastKnownFileType = "wrapper.pb-project"; name = GPUImage.xcodeproj; path = ../GPUImage/framework/GPUImage.xcodeproj; sourceTree = "<group>"; };
		5889EE731A7032720060CE6E /* 2009bin.jpg */ = {isa = PBXFileReference; lastKnownFileType = image.jpeg; path = 2009bin.jpg; sourceTree = "<group>"; };
		589585971A83E25200739E8D /* Tesseract OCR iOS.xcodeproj */ = {isa = PBXFileReference; lastKnownFileType = "wrapper.pb-project"; name = "Tesseract OCR iOS.xcodeproj"; path = "../Tesseract OCR iOS.xcodeproj"; sourceTree = "<group>"; };
		589585B71A84EB4100739E8D /* BatchProcessor.h */ = {isa = PBXFileReference; fileEncoding = 4; lastKnownFileType = sourcecode.c.h; path = BatchProcessor.h; sourceTree = "<group>"; };
		589585B81A84EB4100739E8D /* BatchProcessor.m */ = {isa = PBXFileReference; fileEncoding = 4; lastKnownFileType = sourcecode.c.objc; path = BatchProcessor.m; sourceTree = "<group>"; };
		58B534C51A7B890200176EBA /* WineryPickerController.h */ = {isa = PBXFileReference; fileEncoding = 4; lastKnownFileType = sourcecode.c.h; path = WineryPickerController.h; sourceTree = "<group>"; };
		58B534C61A7B890200176EBA /* WineryPickerController.m */ = {isa = PBXFileReference; fileEncoding = 4; lastKnownFileType = sourcecode.c.objc; path = WineryPickerController.m; sourceTree = "<group>"; };
		58B534CD1A7BD76E00176EBA /* TermListByWineryNewWorldOnly.csv */ = {isa = PBXFileReference; fileEncoding = 4; lastKnownFileType = text; path = TermListByWineryNewWorldOnly.csv; sourceTree = "<group>"; };
		58E19A271A793F720033AFEC /* TermListByWinery.csv */ = {isa = PBXFileReference; fileEncoding = 4; lastKnownFileType = text; path = TermListByWinery.csv; sourceTree = "<group>"; };
		58E19A2A1A7941780033AFEC /* CHCSVParser.h */ = {isa = PBXFileReference; fileEncoding = 4; lastKnownFileType = sourcecode.c.h; path = CHCSVParser.h; sourceTree = "<group>"; };
		58E19A2B1A7941780033AFEC /* CHCSVParser.m */ = {isa = PBXFileReference; fileEncoding = 4; lastKnownFileType = sourcecode.c.objc; path = CHCSVParser.m; sourceTree = "<group>"; };
		58E785C11A961623001C8EEF /* ArrayTransformer.h */ = {isa = PBXFileReference; fileEncoding = 4; lastKnownFileType = sourcecode.c.h; name = ArrayTransformer.h; path = ../../../TipsiiOSApp/tipsi/ArrayTransformer.h; sourceTree = "<group>"; };
		58E785C21A961623001C8EEF /* ArrayTransformer.m */ = {isa = PBXFileReference; fileEncoding = 4; lastKnownFileType = sourcecode.c.objc; name = ArrayTransformer.m; path = ../../../TipsiiOSApp/tipsi/ArrayTransformer.m; sourceTree = "<group>"; };
		58E785C41A961F0A001C8EEF /* Model.xcdatamodel */ = {isa = PBXFileReference; lastKnownFileType = wrapper.xcdatamodel; name = Model.xcdatamodel; path = ../../../TipsiiOSApp/tipsi/Model.xcdatamodel; sourceTree = "<group>"; };
		6400DDD5180C5DE000443362 /* Template Framework Project.app */ = {isa = PBXFileReference; explicitFileType = wrapper.application; includeInIndex = 0; path = "Template Framework Project.app"; sourceTree = BUILT_PRODUCTS_DIR; };
		6400DDD8180C5DE000443362 /* Foundation.framework */ = {isa = PBXFileReference; lastKnownFileType = wrapper.framework; name = Foundation.framework; path = System/Library/Frameworks/Foundation.framework; sourceTree = SDKROOT; };
		6400DDDA180C5DE000443362 /* CoreGraphics.framework */ = {isa = PBXFileReference; lastKnownFileType = wrapper.framework; name = CoreGraphics.framework; path = System/Library/Frameworks/CoreGraphics.framework; sourceTree = SDKROOT; };
		6400DDDC180C5DE000443362 /* UIKit.framework */ = {isa = PBXFileReference; lastKnownFileType = wrapper.framework; name = UIKit.framework; path = System/Library/Frameworks/UIKit.framework; sourceTree = SDKROOT; };
		6400DDE0180C5DE000443362 /* Template Framework Project-Info.plist */ = {isa = PBXFileReference; lastKnownFileType = text.plist.xml; path = "Template Framework Project-Info.plist"; sourceTree = "<group>"; };
		6400DDE2180C5DE000443362 /* en */ = {isa = PBXFileReference; lastKnownFileType = text.plist.strings; name = en; path = en.lproj/InfoPlist.strings; sourceTree = "<group>"; };
		6400DDE4180C5DE000443362 /* main.m */ = {isa = PBXFileReference; lastKnownFileType = sourcecode.c.objc; path = main.m; sourceTree = "<group>"; };
		6400DDE6180C5DE000443362 /* Template Framework Project-Prefix.pch */ = {isa = PBXFileReference; lastKnownFileType = sourcecode.c.h; path = "Template Framework Project-Prefix.pch"; sourceTree = "<group>"; };
		6400DDE7180C5DE000443362 /* G8AppDelegate.h */ = {isa = PBXFileReference; lastKnownFileType = sourcecode.c.h; path = G8AppDelegate.h; sourceTree = "<group>"; };
		6400DDE8180C5DE000443362 /* G8AppDelegate.m */ = {isa = PBXFileReference; lastKnownFileType = sourcecode.c.objc; path = G8AppDelegate.m; sourceTree = "<group>"; };
		6400DDEB180C5DE000443362 /* Base */ = {isa = PBXFileReference; lastKnownFileType = file.storyboard; name = Base; path = Base.lproj/Main.storyboard; sourceTree = "<group>"; };
		6400DDED180C5DE000443362 /* G8ViewController.h */ = {isa = PBXFileReference; lastKnownFileType = sourcecode.c.h; path = G8ViewController.h; sourceTree = "<group>"; };
		6400DDEE180C5DE000443362 /* G8ViewController.m */ = {isa = PBXFileReference; lastKnownFileType = sourcecode.c.objc; path = G8ViewController.m; sourceTree = "<group>"; };
		6400DDF0180C5DE000443362 /* Images.xcassets */ = {isa = PBXFileReference; lastKnownFileType = folder.assetcatalog; path = Images.xcassets; sourceTree = "<group>"; };
		6420626E1846105200EE2AD4 /* TesseractOCR.framework */ = {isa = PBXFileReference; lastKnownFileType = wrapper.framework; name = TesseractOCR.framework; path = ../Products/TesseractOCR.framework; sourceTree = "<group>"; };
		6490748F198A5CD500D728CC /* CoreImage.framework */ = {isa = PBXFileReference; lastKnownFileType = wrapper.framework; name = CoreImage.framework; path = System/Library/Frameworks/CoreImage.framework; sourceTree = SDKROOT; };
		64DDA75A188FD9140025590D /* tessdata */ = {isa = PBXFileReference; lastKnownFileType = folder; path = tessdata; sourceTree = "<group>"; };
		64E40AB0180C6D4D00C36DDE /* libstdc++.6.0.9.dylib */ = {isa = PBXFileReference; lastKnownFileType = "compiled.mach-o.dylib"; name = "libstdc++.6.0.9.dylib"; path = "usr/lib/libstdc++.6.0.9.dylib"; sourceTree = SDKROOT; };
		DC52B05E1A59E7E70004E31B /* 2009.jpg */ = {isa = PBXFileReference; lastKnownFileType = image.jpeg; path = 2009.jpg; sourceTree = "<group>"; };
		DC52B0601A59E7FE0004E31B /* 2010.png */ = {isa = PBXFileReference; lastKnownFileType = image.png; path = 2010.png; sourceTree = "<group>"; };
		DC52B0621A59EF8D0004E31B /* CoreVideo.framework */ = {isa = PBXFileReference; lastKnownFileType = wrapper.framework; name = CoreVideo.framework; path = System/Library/Frameworks/CoreVideo.framework; sourceTree = SDKROOT; };
		DC52B0641A59EFA00004E31B /* AVFoundation.framework */ = {isa = PBXFileReference; lastKnownFileType = wrapper.framework; name = AVFoundation.framework; path = System/Library/Frameworks/AVFoundation.framework; sourceTree = SDKROOT; };
		DC52B0661A59F0CE0004E31B /* QuartzCore.framework */ = {isa = PBXFileReference; lastKnownFileType = wrapper.framework; name = QuartzCore.framework; path = System/Library/Frameworks/QuartzCore.framework; sourceTree = SDKROOT; };
		DC52B0681A59F0DE0004E31B /* CoreMedia.framework */ = {isa = PBXFileReference; lastKnownFileType = wrapper.framework; name = CoreMedia.framework; path = System/Library/Frameworks/CoreMedia.framework; sourceTree = SDKROOT; };
		DC52B06A1A5A3CDA0004E31B /* Accelerate.framework */ = {isa = PBXFileReference; lastKnownFileType = wrapper.framework; name = Accelerate.framework; path = System/Library/Frameworks/Accelerate.framework; sourceTree = SDKROOT; };
/* End PBXFileReference section */

/* Begin PBXFrameworksBuildPhase section */
		6400DDD2180C5DE000443362 /* Frameworks */ = {
			isa = PBXFrameworksBuildPhase;
			buildActionMask = 2147483647;
			files = (
				581E00B11A8253A10041F545 /* CoreData.framework in Frameworks */,
				DC52B06B1A5A3CDA0004E31B /* Accelerate.framework in Frameworks */,
				DC52B0691A59F0DE0004E31B /* CoreMedia.framework in Frameworks */,
				DC52B0671A59F0CE0004E31B /* QuartzCore.framework in Frameworks */,
				DC52B0651A59EFA00004E31B /* AVFoundation.framework in Frameworks */,
				DC52B0631A59EF8D0004E31B /* CoreVideo.framework in Frameworks */,
				64907490198A5CD500D728CC /* CoreImage.framework in Frameworks */,
				6420626F1846105200EE2AD4 /* TesseractOCR.framework in Frameworks */,
				64E40AB1180C6D4D00C36DDE /* libstdc++.6.0.9.dylib in Frameworks */,
				6400DDDB180C5DE000443362 /* CoreGraphics.framework in Frameworks */,
				6400DDDD180C5DE000443362 /* UIKit.framework in Frameworks */,
				6400DDD9180C5DE000443362 /* Foundation.framework in Frameworks */,
				588638D01A73B00800CABC24 /* libGPUImage.a in Frameworks */,
			);
			runOnlyForDeploymentPostprocessing = 0;
		};
/* End PBXFrameworksBuildPhase section */

/* Begin PBXGroup section */
		581E00501A80BE150041F545 /* UI */ = {
			isa = PBXGroup;
			children = (
				6400DDEA180C5DE000443362 /* Main.storyboard */,
				6400DDED180C5DE000443362 /* G8ViewController.h */,
				6400DDEE180C5DE000443362 /* G8ViewController.m */,
				58B534C51A7B890200176EBA /* WineryPickerController.h */,
				58B534C61A7B890200176EBA /* WineryPickerController.m */,
				581E00551A80E9410041F545 /* WineryPickerCell.h */,
				581E00561A80E9410041F545 /* WineryPickerCell.m */,
				582631CF1A852AFC002F3B12 /* BatchProcessorController.h */,
				582631D01A852AFC002F3B12 /* BatchProcessorController.m */,
				582631D21A852B54002F3B12 /* BatchProcessorCell.h */,
				582631D31A852B54002F3B12 /* BatchProcessorCell.m */,
			);
			name = UI;
			sourceTree = "<group>";
		};
		581E00511A80BE400041F545 /* Parser */ = {
			isa = PBXGroup;
			children = (
				58465BC41A8F586E00FC7A84 /* NSString+Levenshtein.h */,
				58465BC51A8F586E00FC7A84 /* NSString+Levenshtein.m */,
				58465BC61A8F586E00FC7A84 /* OcrParser.h */,
				58465BC71A8F586E00FC7A84 /* OcrParser.m */,
			);
			name = Parser;
			sourceTree = "<group>";
		};
		581E00521A80BE820041F545 /* Model */ = {
			isa = PBXGroup;
			children = (
				581E00A01A8252AE0041F545 /* CoreDataEntities */,
				581E00541A80BEF80041F545 /* Entities */,
				58465BDF1A8F998100FC7A84 /* WinesDatabase.h */,
				58465BE01A8F998100FC7A84 /* WinesDatabase.m */,
			);
			name = Model;
			sourceTree = "<group>";
		};
		581E00531A80BE9B0041F545 /* Image processing */ = {
			isa = PBXGroup;
			children = (
				58465BCA1A8F80FF00FC7A84 /* ImagePreprocessor.h */,
				58465BCB1A8F80FF00FC7A84 /* ImagePreprocessor.m */,
				58465BCC1A8F80FF00FC7A84 /* InverseAdaptiveThresholdFilter.h */,
				58465BCD1A8F80FF00FC7A84 /* InverseAdaptiveThresholdFilter.m */,
				58303E2D1A7F8F41005C3017 /* Median5x5Filter.h */,
				58303E2E1A7F8F41005C3017 /* Median5x5Filter.m */,
			);
			name = "Image processing";
			sourceTree = "<group>";
		};
		581E00541A80BEF80041F545 /* Entities */ = {
			isa = PBXGroup;
			children = (
				58465BD31A8F993E00FC7A84 /* RecognizableEntity.h */,
				58465BD41A8F993E00FC7A84 /* RecognizableEntity.m */,
				58465BD51A8F993E00FC7A84 /* Subregion.h */,
				58465BD61A8F993E00FC7A84 /* Subregion.m */,
				58465BD71A8F993E00FC7A84 /* Vineyard.h */,
				58465BD81A8F993E00FC7A84 /* Vineyard.m */,
				58465BD91A8F993E00FC7A84 /* Wine.h */,
				58465BDA1A8F993E00FC7A84 /* Wine.m */,
			);
			name = Entities;
			sourceTree = "<group>";
		};
		581E00A01A8252AE0041F545 /* CoreDataEntities */ = {
			isa = PBXGroup;
			children = (
				58465BE21A8F999D00FC7A84 /* DictionariesEntity.h */,
				58465BE31A8F999D00FC7A84 /* DictionariesEntity.m */,
				58465BE41A8F999D00FC7A84 /* DictionaryTransformer.h */,
				58465BE51A8F999D00FC7A84 /* DictionaryTransformer.m */,
				58E785C11A961623001C8EEF /* ArrayTransformer.h */,
				58E785C21A961623001C8EEF /* ArrayTransformer.m */,
				581E00C21A8289B00041F545 /* TODO */,
			);
			name = CoreDataEntities;
			sourceTree = "<group>";
		};
		581E00C21A8289B00041F545 /* TODO */ = {
			isa = PBXGroup;
			children = (
				581E00A41A8252E00041F545 /* BaseEntity.h */,
				581E00A51A8252E00041F545 /* BaseEntity.m */,
				581E00A71A8252E00041F545 /* RecognizedName.h */,
				581E00A81A8252E00041F545 /* RecognizedName.m */,
				581E00AD1A8252E00041F545 /* WineEntity.h */,
				581E00AE1A8252E00041F545 /* WineEntity.m */,
				581E00AA1A8252E00041F545 /* VineyardEntity.h */,
				581E00AB1A8252E00041F545 /* VineyardEntity.m */,
				581E00A11A8252DF0041F545 /* SubregionEntity.h */,
				581E00A21A8252DF0041F545 /* SubregionEntity.m */,
				581E00B21A8272A40041F545 /* BaseEntity+Extensions.h */,
				581E00B31A8272A40041F545 /* BaseEntity+Extensions.m */,
			);
			name = TODO;
			sourceTree = "<group>";
		};
		582631C81A8520E0002F3B12 /* Util */ = {
			isa = PBXGroup;
			children = (
				58E19A291A7941780033AFEC /* CHCSVParser */,
				589585B71A84EB4100739E8D /* BatchProcessor.h */,
				589585B81A84EB4100739E8D /* BatchProcessor.m */,
			);
			name = Util;
			sourceTree = "<group>";
		};
		588638C21A73AD4300CABC24 /* Products */ = {
			isa = PBXGroup;
			children = (
				588638C81A73AD4300CABC24 /* libGPUImage.a */,
				588638CA1A73AD4300CABC24 /* GPUImage.framework */,
			);
			name = Products;
			sourceTree = "<group>";
		};
		589585981A83E25200739E8D /* Products */ = {
			isa = PBXGroup;
			children = (
				5895859F1A83E25200739E8D /* TesseractOCR.framework */,
			);
			name = Products;
			sourceTree = "<group>";
		};
		58E19A291A7941780033AFEC /* CHCSVParser */ = {
			isa = PBXGroup;
			children = (
				58E19A2A1A7941780033AFEC /* CHCSVParser.h */,
				58E19A2B1A7941780033AFEC /* CHCSVParser.m */,
			);
			path = CHCSVParser;
			sourceTree = "<group>";
		};
		6400DDCC180C5DE000443362 = {
			isa = PBXGroup;
			children = (
				6400DDDE180C5DE000443362 /* Template Framework Project */,
				6400DDD7180C5DE000443362 /* Frameworks */,
				6400DDD6180C5DE000443362 /* Products */,
				589585971A83E25200739E8D /* Tesseract OCR iOS.xcodeproj */,
				588638C11A73AD4300CABC24 /* GPUImage.xcodeproj */,
			);
			sourceTree = "<group>";
		};
		6400DDD6180C5DE000443362 /* Products */ = {
			isa = PBXGroup;
			children = (
				6400DDD5180C5DE000443362 /* Template Framework Project.app */,
			);
			name = Products;
			sourceTree = "<group>";
		};
		6400DDD7180C5DE000443362 /* Frameworks */ = {
			isa = PBXGroup;
			children = (
				581E00B01A8253A10041F545 /* CoreData.framework */,
				DC52B06A1A5A3CDA0004E31B /* Accelerate.framework */,
				DC52B0681A59F0DE0004E31B /* CoreMedia.framework */,
				DC52B0661A59F0CE0004E31B /* QuartzCore.framework */,
				DC52B0641A59EFA00004E31B /* AVFoundation.framework */,
				DC52B0621A59EF8D0004E31B /* CoreVideo.framework */,
				6490748F198A5CD500D728CC /* CoreImage.framework */,
				64E40AB0180C6D4D00C36DDE /* libstdc++.6.0.9.dylib */,
				6420626E1846105200EE2AD4 /* TesseractOCR.framework */,
				6400DDD8180C5DE000443362 /* Foundation.framework */,
				6400DDDA180C5DE000443362 /* CoreGraphics.framework */,
				6400DDDC180C5DE000443362 /* UIKit.framework */,
			);
			name = Frameworks;
			sourceTree = "<group>";
		};
		6400DDDE180C5DE000443362 /* Template Framework Project */ = {
			isa = PBXGroup;
			children = (
				582631C81A8520E0002F3B12 /* Util */,
				582631D51A85390D002F3B12 /* BATCHED_IMAGES */,
				64DDA75A188FD9140025590D /* tessdata */,
				581E00501A80BE150041F545 /* UI */,
				581E00511A80BE400041F545 /* Parser */,
				581E00521A80BE820041F545 /* Model */,
				581E00531A80BE9B0041F545 /* Image processing */,
				6400DDE7180C5DE000443362 /* G8AppDelegate.h */,
				6400DDE8180C5DE000443362 /* G8AppDelegate.m */,
				58465BD01A8F816700FC7A84 /* TesseractRecognizer.h */,
				58465BD11A8F816700FC7A84 /* TesseractRecognizer.m */,
				6400DDF0180C5DE000443362 /* Images.xcassets */,
				6400DDDF180C5DE000443362 /* Supporting Files */,
			);
			path = "Template Framework Project";
			sourceTree = "<group>";
		};
		6400DDDF180C5DE000443362 /* Supporting Files */ = {
			isa = PBXGroup;
			children = (
				585580611A974B190015E797 /* Model.sqlite */,
				58E785C41A961F0A001C8EEF /* Model.xcdatamodel */,
				580A56D11A8668D40097909F /* placeholder.png */,
				58B534CD1A7BD76E00176EBA /* TermListByWineryNewWorldOnly.csv */,
				585A2C561A7A316A00C463EF /* _TermListByWineryNewWorldOnly.csv */,
				58E19A271A793F720033AFEC /* TermListByWinery.csv */,
				428615B61845F340005D5A2E /* image_sample.jpg */,
				5889EE731A7032720060CE6E /* 2009bin.jpg */,
				DC52B05E1A59E7E70004E31B /* 2009.jpg */,
				DC52B0601A59E7FE0004E31B /* 2010.png */,
				6400DDE0180C5DE000443362 /* Template Framework Project-Info.plist */,
				6400DDE1180C5DE000443362 /* InfoPlist.strings */,
				6400DDE4180C5DE000443362 /* main.m */,
				6400DDE6180C5DE000443362 /* Template Framework Project-Prefix.pch */,
			);
			name = "Supporting Files";
			sourceTree = "<group>";
		};
/* End PBXGroup section */

/* Begin PBXNativeTarget section */
		6400DDD4180C5DE000443362 /* Template Framework Project */ = {
			isa = PBXNativeTarget;
			buildConfigurationList = 6400DE07180C5DE100443362 /* Build configuration list for PBXNativeTarget "Template Framework Project" */;
			buildPhases = (
				6400DDD1180C5DE000443362 /* Sources */,
				6400DDD2180C5DE000443362 /* Frameworks */,
				6400DDD3180C5DE000443362 /* Resources */,
			);
			buildRules = (
			);
			dependencies = (
				589585A11A83E25900739E8D /* PBXTargetDependency */,
				588638CC1A73AD5600CABC24 /* PBXTargetDependency */,
			);
			name = "Template Framework Project";
			productName = "Template Framework Project";
			productReference = 6400DDD5180C5DE000443362 /* Template Framework Project.app */;
			productType = "com.apple.product-type.application";
		};
/* End PBXNativeTarget section */

/* Begin PBXProject section */
		6400DDCD180C5DE000443362 /* Project object */ = {
			isa = PBXProject;
			attributes = {
				CLASSPREFIX = G8;
				LastUpgradeCheck = 0510;
				ORGANIZATIONNAME = "Daniele Galiotto - www.g8production.com";
				TargetAttributes = {
					6400DDD4180C5DE000443362 = {
						DevelopmentTeam = JQ4EU4FE8Y;
					};
				};
			};
			buildConfigurationList = 6400DDD0180C5DE000443362 /* Build configuration list for PBXProject "Template Framework Project" */;
			compatibilityVersion = "Xcode 3.2";
			developmentRegion = English;
			hasScannedForEncodings = 0;
			knownRegions = (
				en,
				Base,
			);
			mainGroup = 6400DDCC180C5DE000443362;
			productRefGroup = 6400DDD6180C5DE000443362 /* Products */;
			projectDirPath = "";
			projectReferences = (
				{
					ProductGroup = 588638C21A73AD4300CABC24 /* Products */;
					ProjectRef = 588638C11A73AD4300CABC24 /* GPUImage.xcodeproj */;
				},
				{
					ProductGroup = 589585981A83E25200739E8D /* Products */;
					ProjectRef = 589585971A83E25200739E8D /* Tesseract OCR iOS.xcodeproj */;
				},
			);
			projectRoot = "";
			targets = (
				6400DDD4180C5DE000443362 /* Template Framework Project */,
			);
		};
/* End PBXProject section */

/* Begin PBXReferenceProxy section */
		588638C81A73AD4300CABC24 /* libGPUImage.a */ = {
			isa = PBXReferenceProxy;
			fileType = archive.ar;
			path = libGPUImage.a;
			remoteRef = 588638C71A73AD4300CABC24 /* PBXContainerItemProxy */;
			sourceTree = BUILT_PRODUCTS_DIR;
		};
		588638CA1A73AD4300CABC24 /* GPUImage.framework */ = {
			isa = PBXReferenceProxy;
			fileType = wrapper.framework;
			path = GPUImage.framework;
			remoteRef = 588638C91A73AD4300CABC24 /* PBXContainerItemProxy */;
			sourceTree = BUILT_PRODUCTS_DIR;
		};
		5895859F1A83E25200739E8D /* TesseractOCR.framework */ = {
			isa = PBXReferenceProxy;
			fileType = wrapper.cfbundle;
			path = TesseractOCR.framework;
			remoteRef = 5895859E1A83E25200739E8D /* PBXContainerItemProxy */;
			sourceTree = BUILT_PRODUCTS_DIR;
		};
/* End PBXReferenceProxy section */

/* Begin PBXResourcesBuildPhase section */
		6400DDD3180C5DE000443362 /* Resources */ = {
			isa = PBXResourcesBuildPhase;
			buildActionMask = 2147483647;
			files = (
				585580621A974B3C0015E797 /* Model.sqlite in Resources */,
				6400DDF1180C5DE000443362 /* Images.xcassets in Resources */,
				428615B71845F340005D5A2E /* image_sample.jpg in Resources */,
				58B534CE1A7BD76E00176EBA /* TermListByWineryNewWorldOnly.csv in Resources */,
				5889EE741A7032720060CE6E /* 2009bin.jpg in Resources */,
				DC52B05F1A59E7E70004E31B /* 2009.jpg in Resources */,
				DC52B0611A59E7FE0004E31B /* 2010.png in Resources */,
				580A56D21A8668D50097909F /* placeholder.png in Resources */,
				582631D61A85390D002F3B12 /* BATCHED_IMAGES in Resources */,
				58E19A281A793F720033AFEC /* TermListByWinery.csv in Resources */,
				64DDA75B188FD9140025590D /* tessdata in Resources */,
				6400DDE3180C5DE000443362 /* InfoPlist.strings in Resources */,
				585A2C571A7A316A00C463EF /* _TermListByWineryNewWorldOnly.csv in Resources */,
				64DDA74E188FD7D10025590D /* Main.storyboard in Resources */,
			);
			runOnlyForDeploymentPostprocessing = 0;
		};
/* End PBXResourcesBuildPhase section */

/* Begin PBXSourcesBuildPhase section */
		6400DDD1180C5DE000443362 /* Sources */ = {
			isa = PBXSourcesBuildPhase;
			buildActionMask = 2147483647;
			files = (
				581E00A31A8252DF0041F545 /* SubregionEntity.m in Sources */,
				58E19A2C1A7941780033AFEC /* CHCSVParser.m in Sources */,
				58465BE11A8F998100FC7A84 /* WinesDatabase.m in Sources */,
				58465BDD1A8F993E00FC7A84 /* Vineyard.m in Sources */,
				58B534C71A7B890200176EBA /* WineryPickerController.m in Sources */,
				58465BD21A8F816700FC7A84 /* TesseractRecognizer.m in Sources */,
				58465BE71A8F999D00FC7A84 /* DictionaryTransformer.m in Sources */,
				58465BDC1A8F993E00FC7A84 /* Subregion.m in Sources */,
				58465BC91A8F586E00FC7A84 /* OcrParser.m in Sources */,
				58465BCE1A8F80FF00FC7A84 /* ImagePreprocessor.m in Sources */,
				58465BDE1A8F993E00FC7A84 /* Wine.m in Sources */,
				58E785C51A961F0A001C8EEF /* Model.xcdatamodel in Sources */,
				581E00A61A8252E00041F545 /* BaseEntity.m in Sources */,
				6400DDE5180C5DE000443362 /* main.m in Sources */,
				581E00B41A8272A40041F545 /* BaseEntity+Extensions.m in Sources */,
				581E00AC1A8252E00041F545 /* VineyardEntity.m in Sources */,
				6400DDE9180C5DE000443362 /* G8AppDelegate.m in Sources */,
				58E785C31A961623001C8EEF /* ArrayTransformer.m in Sources */,
				582631D11A852AFC002F3B12 /* BatchProcessorController.m in Sources */,
				581E00A91A8252E00041F545 /* RecognizedName.m in Sources */,
				58465BCF1A8F80FF00FC7A84 /* InverseAdaptiveThresholdFilter.m in Sources */,
				589585B91A84EB4100739E8D /* BatchProcessor.m in Sources */,
				581E00571A80E9410041F545 /* WineryPickerCell.m in Sources */,
				6400DDEF180C5DE000443362 /* G8ViewController.m in Sources */,
				581E00AF1A8252E00041F545 /* WineEntity.m in Sources */,
				58465BC81A8F586E00FC7A84 /* NSString+Levenshtein.m in Sources */,
				58465BDB1A8F993E00FC7A84 /* RecognizableEntity.m in Sources */,
				582631D41A852B54002F3B12 /* BatchProcessorCell.m in Sources */,
				58465BE61A8F999D00FC7A84 /* DictionariesEntity.m in Sources */,
				58303E2F1A7F8F41005C3017 /* Median5x5Filter.m in Sources */,
			);
			runOnlyForDeploymentPostprocessing = 0;
		};
/* End PBXSourcesBuildPhase section */

/* Begin PBXTargetDependency section */
		588638CC1A73AD5600CABC24 /* PBXTargetDependency */ = {
			isa = PBXTargetDependency;
			name = GPUImage;
			targetProxy = 588638CB1A73AD5600CABC24 /* PBXContainerItemProxy */;
		};
		589585A11A83E25900739E8D /* PBXTargetDependency */ = {
			isa = PBXTargetDependency;
			name = TesseractOCR;
			targetProxy = 589585A01A83E25900739E8D /* PBXContainerItemProxy */;
		};
/* End PBXTargetDependency section */

/* Begin PBXVariantGroup section */
		6400DDE1180C5DE000443362 /* InfoPlist.strings */ = {
			isa = PBXVariantGroup;
			children = (
				6400DDE2180C5DE000443362 /* en */,
			);
			name = InfoPlist.strings;
			sourceTree = "<group>";
		};
		6400DDEA180C5DE000443362 /* Main.storyboard */ = {
			isa = PBXVariantGroup;
			children = (
				6400DDEB180C5DE000443362 /* Base */,
			);
			name = Main.storyboard;
			sourceTree = "<group>";
		};
/* End PBXVariantGroup section */

/* Begin XCBuildConfiguration section */
		6400DE05180C5DE100443362 /* Debug */ = {
			isa = XCBuildConfiguration;
			buildSettings = {
				ALWAYS_SEARCH_USER_PATHS = NO;
				CLANG_CXX_LANGUAGE_STANDARD = "gnu++0x";
				CLANG_CXX_LIBRARY = "compiler-default";
				CLANG_ENABLE_MODULES = YES;
				CLANG_ENABLE_OBJC_ARC = YES;
				CLANG_WARN_BOOL_CONVERSION = YES;
				CLANG_WARN_CONSTANT_CONVERSION = YES;
				CLANG_WARN_DIRECT_OBJC_ISA_USAGE = YES_ERROR;
				CLANG_WARN_EMPTY_BODY = YES;
				CLANG_WARN_ENUM_CONVERSION = YES;
				CLANG_WARN_INT_CONVERSION = YES;
				CLANG_WARN_OBJC_ROOT_CLASS = YES_ERROR;
				CLANG_WARN__DUPLICATE_METHOD_MATCH = YES;
				"CODE_SIGN_IDENTITY[sdk=iphoneos*]" = "iPhone Developer";
				COPY_PHASE_STRIP = NO;
				GCC_C_LANGUAGE_STANDARD = gnu99;
				GCC_DYNAMIC_NO_PIC = NO;
				GCC_OPTIMIZATION_LEVEL = 0;
				GCC_PREPROCESSOR_DEFINITIONS = (
					"DEBUG=1",
					"$(inherited)",
				);
				GCC_SYMBOLS_PRIVATE_EXTERN = NO;
				GCC_WARN_64_TO_32_BIT_CONVERSION = YES;
				GCC_WARN_ABOUT_RETURN_TYPE = YES_ERROR;
				GCC_WARN_UNDECLARED_SELECTOR = YES;
				GCC_WARN_UNINITIALIZED_AUTOS = YES;
				GCC_WARN_UNUSED_FUNCTION = YES;
				GCC_WARN_UNUSED_VARIABLE = YES;
				HEADER_SEARCH_PATHS = (
					"$(inherited)",
					/Applications/Xcode.app/Contents/Developer/Toolchains/XcodeDefault.xctoolchain/usr/include,
				);
				IPHONEOS_DEPLOYMENT_TARGET = 7.0;
				ONLY_ACTIVE_ARCH = YES;
				OTHER_CPLUSPLUSFLAGS = "$(OTHER_CFLAGS)";
				OTHER_LDFLAGS = "-lstdc++";
				SDKROOT = iphoneos;
				VALID_ARCHS = "armv7 armv7s arm64";
			};
			name = Debug;
		};
		6400DE06180C5DE100443362 /* Release */ = {
			isa = XCBuildConfiguration;
			buildSettings = {
				ALWAYS_SEARCH_USER_PATHS = NO;
				CLANG_CXX_LANGUAGE_STANDARD = "gnu++0x";
				CLANG_CXX_LIBRARY = "compiler-default";
				CLANG_ENABLE_MODULES = YES;
				CLANG_ENABLE_OBJC_ARC = YES;
				CLANG_WARN_BOOL_CONVERSION = YES;
				CLANG_WARN_CONSTANT_CONVERSION = YES;
				CLANG_WARN_DIRECT_OBJC_ISA_USAGE = YES_ERROR;
				CLANG_WARN_EMPTY_BODY = YES;
				CLANG_WARN_ENUM_CONVERSION = YES;
				CLANG_WARN_INT_CONVERSION = YES;
				CLANG_WARN_OBJC_ROOT_CLASS = YES_ERROR;
				CLANG_WARN__DUPLICATE_METHOD_MATCH = YES;
				"CODE_SIGN_IDENTITY[sdk=iphoneos*]" = "iPhone Developer";
				COPY_PHASE_STRIP = YES;
				ENABLE_NS_ASSERTIONS = NO;
				GCC_C_LANGUAGE_STANDARD = gnu99;
				GCC_WARN_64_TO_32_BIT_CONVERSION = YES;
				GCC_WARN_ABOUT_RETURN_TYPE = YES_ERROR;
				GCC_WARN_UNDECLARED_SELECTOR = YES;
				GCC_WARN_UNINITIALIZED_AUTOS = YES;
				GCC_WARN_UNUSED_FUNCTION = YES;
				GCC_WARN_UNUSED_VARIABLE = YES;
				HEADER_SEARCH_PATHS = (
					"$(inherited)",
					/Applications/Xcode.app/Contents/Developer/Toolchains/XcodeDefault.xctoolchain/usr/include,
				);
				IPHONEOS_DEPLOYMENT_TARGET = 7.0;
				OTHER_CPLUSPLUSFLAGS = "$(OTHER_CFLAGS)";
				OTHER_LDFLAGS = "-lstdc++";
				SDKROOT = iphoneos;
				VALIDATE_PRODUCT = YES;
				VALID_ARCHS = "armv7 armv7s arm64";
			};
			name = Release;
		};
		6400DE08180C5DE100443362 /* Debug */ = {
			isa = XCBuildConfiguration;
			buildSettings = {
				ASSETCATALOG_COMPILER_APPICON_NAME = AppIcon;
				ASSETCATALOG_COMPILER_LAUNCHIMAGE_NAME = LaunchImage;
				CODE_SIGN_IDENTITY = "iPhone Developer";
				"CODE_SIGN_IDENTITY[sdk=iphoneos*]" = "iPhone Developer";
				FRAMEWORK_SEARCH_PATHS = (
					"$(inherited)",
					"$(SRCROOT)/../Products",
					"$(SRCROOT)",
				);
				GCC_PRECOMPILE_PREFIX_HEADER = YES;
				GCC_PREFIX_HEADER = "Template Framework Project/Template Framework Project-Prefix.pch";
				HEADER_SEARCH_PATHS = (
					"$(inherited)",
					/Applications/Xcode.app/Contents/Developer/Toolchains/XcodeDefault.xctoolchain/usr/include,
					"\"$(SRCROOT)/../GPUImage/framework\"/**",
				);
				INFOPLIST_FILE = "Template Framework Project/Template Framework Project-Info.plist";
				ONLY_ACTIVE_ARCH = YES;
				PRODUCT_NAME = "$(TARGET_NAME)";
				PROVISIONING_PROFILE = "";
				WRAPPER_EXTENSION = app;
			};
			name = Debug;
		};
		6400DE09180C5DE100443362 /* Release */ = {
			isa = XCBuildConfiguration;
			buildSettings = {
				ASSETCATALOG_COMPILER_APPICON_NAME = AppIcon;
				ASSETCATALOG_COMPILER_LAUNCHIMAGE_NAME = LaunchImage;
				CODE_SIGN_IDENTITY = "iPhone Developer";
				"CODE_SIGN_IDENTITY[sdk=iphoneos*]" = "iPhone Developer";
				FRAMEWORK_SEARCH_PATHS = (
					"$(inherited)",
					"$(SRCROOT)/../Products",
					"$(SRCROOT)",
				);
				GCC_PRECOMPILE_PREFIX_HEADER = YES;
				GCC_PREFIX_HEADER = "Template Framework Project/Template Framework Project-Prefix.pch";
				HEADER_SEARCH_PATHS = (
					"$(inherited)",
					/Applications/Xcode.app/Contents/Developer/Toolchains/XcodeDefault.xctoolchain/usr/include,
					"\"$(SRCROOT)/../GPUImage/framework\"/**",
				);
				INFOPLIST_FILE = "Template Framework Project/Template Framework Project-Info.plist";
				ONLY_ACTIVE_ARCH = NO;
				PRODUCT_NAME = "$(TARGET_NAME)";
				PROVISIONING_PROFILE = "";
				WRAPPER_EXTENSION = app;
			};
			name = Release;
		};
/* End XCBuildConfiguration section */

/* Begin XCConfigurationList section */
		6400DDD0180C5DE000443362 /* Build configuration list for PBXProject "Template Framework Project" */ = {
			isa = XCConfigurationList;
			buildConfigurations = (
				6400DE05180C5DE100443362 /* Debug */,
				6400DE06180C5DE100443362 /* Release */,
			);
			defaultConfigurationIsVisible = 0;
			defaultConfigurationName = Release;
		};
		6400DE07180C5DE100443362 /* Build configuration list for PBXNativeTarget "Template Framework Project" */ = {
			isa = XCConfigurationList;
			buildConfigurations = (
				6400DE08180C5DE100443362 /* Debug */,
				6400DE09180C5DE100443362 /* Release */,
			);
			defaultConfigurationIsVisible = 0;
			defaultConfigurationName = Release;
		};
/* End XCConfigurationList section */
	};
	rootObject = 6400DDCD180C5DE000443362 /* Project object */;
}
